{
  "lockfileVersion": 1,
  "configVersion": 0,
  "workspaces": {
    "": {
      "devDependencies": {
        "@napi-rs/cli": "^3.5.1",
        "@types/bun": "^1.3.8",
        "@types/node": "^25.2.1",
        "typescript": "^5.9.3",
      },
    },
    "packages/@ivi/compiler": {
      "name": "@ivi/compiler",
      "version": "0.1.11",
      "optionalDependencies": {
        "@ivi/compiler-darwin-arm64": "workspace:*",
        "@ivi/compiler-darwin-x64": "workspace:*",
        "@ivi/compiler-linux-arm64-gnu": "workspace:*",
        "@ivi/compiler-linux-x64-gnu": "workspace:*",
        "@ivi/compiler-win32-arm64-msvc": "workspace:*",
        "@ivi/compiler-win32-x64-msvc": "workspace:*",
      },
    },
    "packages/@ivi/compiler/packages/darwin-arm64": {
      "name": "@ivi/compiler-darwin-arm64",
      "version": "0.1.11",
    },
    "packages/@ivi/compiler/packages/darwin-x64": {
      "name": "@ivi/compiler-darwin-x64",
      "version": "0.1.11",
    },
    "packages/@ivi/compiler/packages/linux-arm64-gnu": {
      "name": "@ivi/compiler-linux-arm64-gnu",
      "version": "0.1.11",
    },
    "packages/@ivi/compiler/packages/linux-x64-gnu": {
      "name": "@ivi/compiler-linux-x64-gnu",
      "version": "0.1.11",
    },
    "packages/@ivi/compiler/packages/win32-arm64-msvc": {
      "name": "@ivi/compiler-win32-arm64-msvc",
      "version": "0.1.11",
    },
    "packages/@ivi/compiler/packages/win32-x64-msvc": {
      "name": "@ivi/compiler-win32-x64-msvc",
      "version": "0.1.11",
    },
    "packages/@ivi/identity": {
      "name": "@ivi/identity",
      "version": "0.4.0",
      "devDependencies": {
        "ivi": "workspace:*",
      },
      "peerDependencies": {
        "ivi": "workspace:^",
      },
    },
    "packages/@ivi/mock-dom": {
      "name": "@ivi/mock-dom",
      "version": "0.2.0",
    },
    "packages/@ivi/portal": {
      "name": "@ivi/portal",
      "version": "0.4.0",
      "devDependencies": {
        "ivi": "workspace:*",
      },
      "peerDependencies": {
        "ivi": "workspace:^",
      },
    },
    "packages/@ivi/rolldown": {
      "name": "@ivi/rolldown",
      "version": "5.0.0",
      "dependencies": {
        "@ivi/compiler": "workspace:^",
      },
      "devDependencies": {
        "rolldown": "catalog:",
      },
    },
    "packages/@ivi/rollup-plugin": {
      "name": "@ivi/rollup-plugin",
      "version": "6.0.0",
      "dependencies": {
        "@ivi/compiler": "workspace:^",
        "rollup": "catalog:",
      },
    },
    "packages/@ivi/vite-plugin": {
      "name": "@ivi/vite-plugin",
      "version": "6.0.0",
      "dependencies": {
        "@ivi/compiler": "workspace:^",
        "rollup": "catalog:",
      },
    },
    "packages/ivi": {
      "name": "ivi",
      "version": "5.1.0",
    },
    "tests": {
      "name": "tests",
      "dependencies": {
        "@ivi/compiler": "workspace:^",
      },
    },
  },
  "catalog": {
    "rolldown": "^1.0.0-beta.43",
    "rollup": "^4.52.5",
  },
  "packages": {
    "@emnapi/core": ["@emnapi/core@1.5.0", "", { "dependencies": { "@emnapi/wasi-threads": "1.1.0", "tslib": "^2.4.0" } }, "sha512-sbP8GzB1WDzacS8fgNPpHlp6C9VZe+SJP3F90W9rLemaQj2PzIuTEl1qDOYQf58YIpyjViI24y9aPWCjEzY2cg=="],

    "@emnapi/runtime": ["@emnapi/runtime@1.5.0", "", { "dependencies": { "tslib": "^2.4.0" } }, "sha512-97/BJ3iXHww3djw6hYIfErCZFee7qCtrneuLa20UXFCOTCfBM2cvQHjWJ2EG0s0MtdNwInarqCTz35i4wWXHsQ=="],

    "@emnapi/wasi-threads": ["@emnapi/wasi-threads@1.1.0", "", { "dependencies": { "tslib": "^2.4.0" } }, "sha512-WI0DdZ8xFSbgMjR1sFsKABJ/C5OnRrjT06JXbZKexJGrDuPTzZdDYfFlsgcCXCyf+suG5QU2e/y1Wo2V/OapLQ=="],

    "@inquirer/ansi": ["@inquirer/ansi@2.0.2", "", {}, "sha512-SYLX05PwJVnW+WVegZt1T4Ip1qba1ik+pNJPDiqvk6zS5Y/i8PhRzLpGEtVd7sW0G8cMtkD8t4AZYhQwm8vnww=="],

    "@inquirer/checkbox": ["@inquirer/checkbox@5.0.3", "", { "dependencies": { "@inquirer/ansi": "^2.0.2", "@inquirer/core": "^11.1.0", "@inquirer/figures": "^2.0.2", "@inquirer/type": "^4.0.2" }, "peerDependencies": { "@types/node": ">=18" }, "optionalPeers": ["@types/node"] }, "sha512-xtQP2eXMFlOcAhZ4ReKP2KZvDIBb1AnCfZ81wWXG3DXLVH0f0g4obE0XDPH+ukAEMRcZT0kdX2AS1jrWGXbpxw=="],

    "@inquirer/confirm": ["@inquirer/confirm@6.0.3", "", { "dependencies": { "@inquirer/core": "^11.1.0", "@inquirer/type": "^4.0.2" }, "peerDependencies": { "@types/node": ">=18" }, "optionalPeers": ["@types/node"] }, "sha512-lyEvibDFL+NA5R4xl8FUmNhmu81B+LDL9L/MpKkZlQDJZXzG8InxiqYxiAlQYa9cqLLhYqKLQwZqXmSTqCLjyw=="],

    "@inquirer/core": ["@inquirer/core@11.1.0", "", { "dependencies": { "@inquirer/ansi": "^2.0.2", "@inquirer/figures": "^2.0.2", "@inquirer/type": "^4.0.2", "cli-width": "^4.1.0", "mute-stream": "^3.0.0", "signal-exit": "^4.1.0", "wrap-ansi": "^9.0.2" }, "peerDependencies": { "@types/node": ">=18" }, "optionalPeers": ["@types/node"] }, "sha512-+jD/34T1pK8M5QmZD/ENhOfXdl9Zr+BrQAUc5h2anWgi7gggRq15ZbiBeLoObj0TLbdgW7TAIQRU2boMc9uOKQ=="],

    "@inquirer/editor": ["@inquirer/editor@5.0.3", "", { "dependencies": { "@inquirer/core": "^11.1.0", "@inquirer/external-editor": "^2.0.2", "@inquirer/type": "^4.0.2" }, "peerDependencies": { "@types/node": ">=18" }, "optionalPeers": ["@types/node"] }, "sha512-wYyQo96TsAqIciP/r5D3cFeV8h4WqKQ/YOvTg5yOfP2sqEbVVpbxPpfV3LM5D0EP4zUI3EZVHyIUIllnoIa8OQ=="],

    "@inquirer/expand": ["@inquirer/expand@5.0.3", "", { "dependencies": { "@inquirer/core": "^11.1.0", "@inquirer/type": "^4.0.2" }, "peerDependencies": { "@types/node": ">=18" }, "optionalPeers": ["@types/node"] }, "sha512-2oINvuL27ujjxd95f6K2K909uZOU2x1WiAl7Wb1X/xOtL8CgQ1kSxzykIr7u4xTkXkXOAkCuF45T588/YKee7w=="],

    "@inquirer/external-editor": ["@inquirer/external-editor@2.0.2", "", { "dependencies": { "chardet": "^2.1.1", "iconv-lite": "^0.7.0" }, "peerDependencies": { "@types/node": ">=18" }, "optionalPeers": ["@types/node"] }, "sha512-X/fMXK7vXomRWEex1j8mnj7s1mpnTeP4CO/h2gysJhHLT2WjBnLv4ZQEGpm/kcYI8QfLZ2fgW+9kTKD+jeopLg=="],

    "@inquirer/figures": ["@inquirer/figures@2.0.2", "", {}, "sha512-qXm6EVvQx/FmnSrCWCIGtMHwqeLgxABP8XgcaAoywsL0NFga9gD5kfG0gXiv80GjK9Hsoz4pgGwF/+CjygyV9A=="],

    "@inquirer/input": ["@inquirer/input@5.0.3", "", { "dependencies": { "@inquirer/core": "^11.1.0", "@inquirer/type": "^4.0.2" }, "peerDependencies": { "@types/node": ">=18" }, "optionalPeers": ["@types/node"] }, "sha512-4R0TdWl53dtp79Vs6Df2OHAtA2FVNqya1hND1f5wjHWxZJxwDMSNB1X5ADZJSsQKYAJ5JHCTO+GpJZ42mK0Otw=="],

    "@inquirer/number": ["@inquirer/number@4.0.3", "", { "dependencies": { "@inquirer/core": "^11.1.0", "@inquirer/type": "^4.0.2" }, "peerDependencies": { "@types/node": ">=18" }, "optionalPeers": ["@types/node"] }, "sha512-TjQLe93GGo5snRlu83JxE38ZPqj5ZVggL+QqqAF2oBA5JOJoxx25GG3EGH/XN/Os5WOmKfO8iLVdCXQxXRZIMQ=="],

    "@inquirer/password": ["@inquirer/password@5.0.3", "", { "dependencies": { "@inquirer/ansi": "^2.0.2", "@inquirer/core": "^11.1.0", "@inquirer/type": "^4.0.2" }, "peerDependencies": { "@types/node": ">=18" }, "optionalPeers": ["@types/node"] }, "sha512-rCozGbUMAHedTeYWEN8sgZH4lRCdgG/WinFkit6ZPsp8JaNg2T0g3QslPBS5XbpORyKP/I+xyBO81kFEvhBmjA=="],

    "@inquirer/prompts": ["@inquirer/prompts@8.1.0", "", { "dependencies": { "@inquirer/checkbox": "^5.0.3", "@inquirer/confirm": "^6.0.3", "@inquirer/editor": "^5.0.3", "@inquirer/expand": "^5.0.3", "@inquirer/input": "^5.0.3", "@inquirer/number": "^4.0.3", "@inquirer/password": "^5.0.3", "@inquirer/rawlist": "^5.1.0", "@inquirer/search": "^4.0.3", "@inquirer/select": "^5.0.3" }, "peerDependencies": { "@types/node": ">=18" }, "optionalPeers": ["@types/node"] }, "sha512-LsZMdKcmRNF5LyTRuZE5nWeOjganzmN3zwbtNfcs6GPh3I2TsTtF1UYZlbxVfhxd+EuUqLGs/Lm3Xt4v6Az1wA=="],

    "@inquirer/rawlist": ["@inquirer/rawlist@5.1.0", "", { "dependencies": { "@inquirer/core": "^11.1.0", "@inquirer/type": "^4.0.2" }, "peerDependencies": { "@types/node": ">=18" }, "optionalPeers": ["@types/node"] }, "sha512-yUCuVh0jW026Gr2tZlG3kHignxcrLKDR3KBp+eUgNz+BAdSeZk0e18yt2gyBr+giYhj/WSIHCmPDOgp1mT2niQ=="],

    "@inquirer/search": ["@inquirer/search@4.0.3", "", { "dependencies": { "@inquirer/core": "^11.1.0", "@inquirer/figures": "^2.0.2", "@inquirer/type": "^4.0.2" }, "peerDependencies": { "@types/node": ">=18" }, "optionalPeers": ["@types/node"] }, "sha512-lzqVw0YwuKYetk5VwJ81Ba+dyVlhseHPx9YnRKQgwXdFS0kEavCz2gngnNhnMIxg8+j1N/rUl1t5s1npwa7bqg=="],

    "@inquirer/select": ["@inquirer/select@5.0.3", "", { "dependencies": { "@inquirer/ansi": "^2.0.2", "@inquirer/core": "^11.1.0", "@inquirer/figures": "^2.0.2", "@inquirer/type": "^4.0.2" }, "peerDependencies": { "@types/node": ">=18" }, "optionalPeers": ["@types/node"] }, "sha512-M+ynbwS0ecQFDYMFrQrybA0qL8DV0snpc4kKevCCNaTpfghsRowRY7SlQBeIYNzHqXtiiz4RG9vTOeb/udew7w=="],

    "@inquirer/type": ["@inquirer/type@4.0.2", "", { "peerDependencies": { "@types/node": ">=18" }, "optionalPeers": ["@types/node"] }, "sha512-cae7mzluplsjSdgFA6ACLygb5jC8alO0UUnFPyu0E7tNRPrL+q/f8VcSXp+cjZQ7l5CMpDpi2G1+IQvkOiL1Lw=="],

    "@ivi/compiler": ["@ivi/compiler@workspace:packages/@ivi/compiler"],

    "@ivi/compiler-darwin-arm64": ["@ivi/compiler-darwin-arm64@workspace:packages/@ivi/compiler/packages/darwin-arm64"],

    "@ivi/compiler-darwin-x64": ["@ivi/compiler-darwin-x64@workspace:packages/@ivi/compiler/packages/darwin-x64"],

    "@ivi/compiler-linux-arm64-gnu": ["@ivi/compiler-linux-arm64-gnu@workspace:packages/@ivi/compiler/packages/linux-arm64-gnu"],

    "@ivi/compiler-linux-x64-gnu": ["@ivi/compiler-linux-x64-gnu@workspace:packages/@ivi/compiler/packages/linux-x64-gnu"],

    "@ivi/compiler-win32-arm64-msvc": ["@ivi/compiler-win32-arm64-msvc@workspace:packages/@ivi/compiler/packages/win32-arm64-msvc"],

    "@ivi/compiler-win32-x64-msvc": ["@ivi/compiler-win32-x64-msvc@workspace:packages/@ivi/compiler/packages/win32-x64-msvc"],

    "@ivi/identity": ["@ivi/identity@workspace:packages/@ivi/identity"],

    "@ivi/mock-dom": ["@ivi/mock-dom@workspace:packages/@ivi/mock-dom"],

    "@ivi/portal": ["@ivi/portal@workspace:packages/@ivi/portal"],

    "@ivi/rolldown": ["@ivi/rolldown@workspace:packages/@ivi/rolldown"],

    "@ivi/rollup-plugin": ["@ivi/rollup-plugin@workspace:packages/@ivi/rollup-plugin"],

    "@ivi/vite-plugin": ["@ivi/vite-plugin@workspace:packages/@ivi/vite-plugin"],

    "@napi-rs/cli": ["@napi-rs/cli@3.5.1", "", { "dependencies": { "@inquirer/prompts": "^8.0.0", "@napi-rs/cross-toolchain": "^1.0.3", "@napi-rs/wasm-tools": "^1.0.1", "@octokit/rest": "^22.0.1", "clipanion": "^4.0.0-rc.4", "colorette": "^2.0.20", "emnapi": "^1.7.1", "es-toolkit": "^1.41.0", "js-yaml": "^4.1.0", "obug": "^2.0.0", "semver": "^7.7.3", "typanion": "^3.14.0" }, "peerDependencies": { "@emnapi/runtime": "^1.7.1" }, "optionalPeers": ["@emnapi/runtime"], "bin": { "napi": "dist/cli.js", "napi-raw": "cli.mjs" } }, "sha512-XBfLQRDcB3qhu6bazdMJsecWW55kR85l5/k0af9BIBELXQSsCFU0fzug7PX8eQp6vVdm7W/U3z6uP5WmITB2Gw=="],

    "@napi-rs/cross-toolchain": ["@napi-rs/cross-toolchain@1.0.3", "", { "dependencies": { "@napi-rs/lzma": "^1.4.5", "@napi-rs/tar": "^1.1.0", "debug": "^4.4.1" }, "peerDependencies": { "@napi-rs/cross-toolchain-arm64-target-aarch64": "^1.0.3", "@napi-rs/cross-toolchain-arm64-target-armv7": "^1.0.3", "@napi-rs/cross-toolchain-arm64-target-ppc64le": "^1.0.3", "@napi-rs/cross-toolchain-arm64-target-s390x": "^1.0.3", "@napi-rs/cross-toolchain-arm64-target-x86_64": "^1.0.3", "@napi-rs/cross-toolchain-x64-target-aarch64": "^1.0.3", "@napi-rs/cross-toolchain-x64-target-armv7": "^1.0.3", "@napi-rs/cross-toolchain-x64-target-ppc64le": "^1.0.3", "@napi-rs/cross-toolchain-x64-target-s390x": "^1.0.3", "@napi-rs/cross-toolchain-x64-target-x86_64": "^1.0.3" }, "optionalPeers": ["@napi-rs/cross-toolchain-arm64-target-aarch64", "@napi-rs/cross-toolchain-arm64-target-armv7", "@napi-rs/cross-toolchain-arm64-target-ppc64le", "@napi-rs/cross-toolchain-arm64-target-s390x", "@napi-rs/cross-toolchain-arm64-target-x86_64", "@napi-rs/cross-toolchain-x64-target-aarch64", "@napi-rs/cross-toolchain-x64-target-armv7", "@napi-rs/cross-toolchain-x64-target-ppc64le", "@napi-rs/cross-toolchain-x64-target-s390x", "@napi-rs/cross-toolchain-x64-target-x86_64"] }, "sha512-ENPfLe4937bsKVTDA6zdABx4pq9w0tHqRrJHyaGxgaPq03a2Bd1unD5XSKjXJjebsABJ+MjAv1A2OvCgK9yehg=="],

    "@napi-rs/lzma": ["@napi-rs/lzma@1.4.5", "", { "optionalDependencies": { "@napi-rs/lzma-android-arm-eabi": "1.4.5", "@napi-rs/lzma-android-arm64": "1.4.5", "@napi-rs/lzma-darwin-arm64": "1.4.5", "@napi-rs/lzma-darwin-x64": "1.4.5", "@napi-rs/lzma-freebsd-x64": "1.4.5", "@napi-rs/lzma-linux-arm-gnueabihf": "1.4.5", "@napi-rs/lzma-linux-arm64-gnu": "1.4.5", "@napi-rs/lzma-linux-arm64-musl": "1.4.5", "@napi-rs/lzma-linux-ppc64-gnu": "1.4.5", "@napi-rs/lzma-linux-riscv64-gnu": "1.4.5", "@napi-rs/lzma-linux-s390x-gnu": "1.4.5", "@napi-rs/lzma-linux-x64-gnu": "1.4.5", "@napi-rs/lzma-linux-x64-musl": "1.4.5", "@napi-rs/lzma-wasm32-wasi": "1.4.5", "@napi-rs/lzma-win32-arm64-msvc": "1.4.5", "@napi-rs/lzma-win32-ia32-msvc": "1.4.5", "@napi-rs/lzma-win32-x64-msvc": "1.4.5" } }, "sha512-zS5LuN1OBPAyZpda2ZZgYOEDC+xecUdAGnrvbYzjnLXkrq/OBC3B9qcRvlxbDR3k5H/gVfvef1/jyUqPknqjbg=="],

    "@napi-rs/lzma-android-arm-eabi": ["@napi-rs/lzma-android-arm-eabi@1.4.5", "", { "os": "android", "cpu": "arm" }, "sha512-Up4gpyw2SacmyKWWEib06GhiDdF+H+CCU0LAV8pnM4aJIDqKKd5LHSlBht83Jut6frkB0vwEPmAkv4NjQ5u//Q=="],

    "@napi-rs/lzma-android-arm64": ["@napi-rs/lzma-android-arm64@1.4.5", "", { "os": "android", "cpu": "arm64" }, "sha512-uwa8sLlWEzkAM0MWyoZJg0JTD3BkPknvejAFG2acUA1raXM8jLrqujWCdOStisXhqQjZ2nDMp3FV6cs//zjfuQ=="],

    "@napi-rs/lzma-darwin-arm64": ["@napi-rs/lzma-darwin-arm64@1.4.5", "", { "os": "darwin", "cpu": "arm64" }, "sha512-0Y0TQLQ2xAjVabrMDem1NhIssOZzF/y/dqetc6OT8mD3xMTDtF8u5BqZoX3MyPc9FzpsZw4ksol+w7DsxHrpMA=="],

    "@napi-rs/lzma-darwin-x64": ["@napi-rs/lzma-darwin-x64@1.4.5", "", { "os": "darwin", "cpu": "x64" }, "sha512-vR2IUyJY3En+V1wJkwmbGWcYiT8pHloTAWdW4pG24+51GIq+intst6Uf6D/r46citObGZrlX0QvMarOkQeHWpw=="],

    "@napi-rs/lzma-freebsd-x64": ["@napi-rs/lzma-freebsd-x64@1.4.5", "", { "os": "freebsd", "cpu": "x64" }, "sha512-XpnYQC5SVovO35tF0xGkbHYjsS6kqyNCjuaLQ2dbEblFRr5cAZVvsJ/9h7zj/5FluJPJRDojVNxGyRhTp4z2lw=="],

    "@napi-rs/lzma-linux-arm-gnueabihf": ["@napi-rs/lzma-linux-arm-gnueabihf@1.4.5", "", { "os": "linux", "cpu": "arm" }, "sha512-ic1ZZMoRfRMwtSwxkyw4zIlbDZGC6davC9r+2oX6x9QiF247BRqqT94qGeL5ZP4Vtz0Hyy7TEViWhx5j6Bpzvw=="],

    "@napi-rs/lzma-linux-arm64-gnu": ["@napi-rs/lzma-linux-arm64-gnu@1.4.5", "", { "os": "linux", "cpu": "arm64" }, "sha512-asEp7FPd7C1Yi6DQb45a3KPHKOFBSfGuJWXcAd4/bL2Fjetb2n/KK2z14yfW8YC/Fv6x3rBM0VAZKmJuz4tysg=="],

    "@napi-rs/lzma-linux-arm64-musl": ["@napi-rs/lzma-linux-arm64-musl@1.4.5", "", { "os": "linux", "cpu": "arm64" }, "sha512-yWjcPDgJ2nIL3KNvi4536dlT/CcCWO0DUyEOlBs/SacG7BeD6IjGh6yYzd3/X1Y3JItCbZoDoLUH8iB1lTXo3w=="],

    "@napi-rs/lzma-linux-ppc64-gnu": ["@napi-rs/lzma-linux-ppc64-gnu@1.4.5", "", { "os": "linux", "cpu": "ppc64" }, "sha512-0XRhKuIU/9ZjT4WDIG/qnX7Xz7mSQHYZo9Gb3MP2gcvBgr6BA4zywQ9k3gmQaPn9ECE+CZg2V7DV7kT+x2pUMQ=="],

    "@napi-rs/lzma-linux-riscv64-gnu": ["@napi-rs/lzma-linux-riscv64-gnu@1.4.5", "", { "os": "linux", "cpu": "none" }, "sha512-QrqDIPEUUB23GCpyQj/QFyMlr8SGxxyExeZz9OWFnHfb70kXdTLWrHS/hEI1Ru+lSbQ/6xRqeoGyQ4Aqdg+/RA=="],

    "@napi-rs/lzma-linux-s390x-gnu": ["@napi-rs/lzma-linux-s390x-gnu@1.4.5", "", { "os": "linux", "cpu": "s390x" }, "sha512-k8RVM5aMhW86E9H0QXdquwojew4H3SwPxbRVbl49/COJQWCUjGi79X6mYruMnMPEznZinUiT1jgKbFo2A00NdA=="],

    "@napi-rs/lzma-linux-x64-gnu": ["@napi-rs/lzma-linux-x64-gnu@1.4.5", "", { "os": "linux", "cpu": "x64" }, "sha512-6rMtBgnIq2Wcl1rQdZsnM+rtCcVCbws1nF8S2NzaUsVaZv8bjrPiAa0lwg4Eqnn1d9lgwqT+cZgm5m+//K08Kw=="],

    "@napi-rs/lzma-linux-x64-musl": ["@napi-rs/lzma-linux-x64-musl@1.4.5", "", { "os": "linux", "cpu": "x64" }, "sha512-eiadGBKi7Vd0bCArBUOO/qqRYPHt/VQVvGyYvDFt6C2ZSIjlD+HuOl+2oS1sjf4CFjK4eDIog6EdXnL0NE6iyQ=="],

    "@napi-rs/lzma-wasm32-wasi": ["@napi-rs/lzma-wasm32-wasi@1.4.5", "", { "dependencies": { "@napi-rs/wasm-runtime": "^1.0.3" }, "cpu": "none" }, "sha512-+VyHHlr68dvey6fXc2hehw9gHVFIW3TtGF1XkcbAu65qVXsA9D/T+uuoRVqhE+JCyFHFrO0ixRbZDRK1XJt1sA=="],

    "@napi-rs/lzma-win32-arm64-msvc": ["@napi-rs/lzma-win32-arm64-msvc@1.4.5", "", { "os": "win32", "cpu": "arm64" }, "sha512-eewnqvIyyhHi3KaZtBOJXohLvwwN27gfS2G/YDWdfHlbz1jrmfeHAmzMsP5qv8vGB+T80TMHNkro4kYjeh6Deg=="],

    "@napi-rs/lzma-win32-ia32-msvc": ["@napi-rs/lzma-win32-ia32-msvc@1.4.5", "", { "os": "win32", "cpu": "ia32" }, "sha512-OeacFVRCJOKNU/a0ephUfYZ2Yt+NvaHze/4TgOwJ0J0P4P7X1mHzN+ig9Iyd74aQDXYqc7kaCXA2dpAOcH87Cg=="],

    "@napi-rs/lzma-win32-x64-msvc": ["@napi-rs/lzma-win32-x64-msvc@1.4.5", "", { "os": "win32", "cpu": "x64" }, "sha512-T4I1SamdSmtyZgDXGAGP+y5LEK5vxHUFwe8mz6D4R7Sa5/WCxTcCIgPJ9BD7RkpO17lzhlaM2vmVvMy96Lvk9Q=="],

    "@napi-rs/tar": ["@napi-rs/tar@1.1.0", "", { "optionalDependencies": { "@napi-rs/tar-android-arm-eabi": "1.1.0", "@napi-rs/tar-android-arm64": "1.1.0", "@napi-rs/tar-darwin-arm64": "1.1.0", "@napi-rs/tar-darwin-x64": "1.1.0", "@napi-rs/tar-freebsd-x64": "1.1.0", "@napi-rs/tar-linux-arm-gnueabihf": "1.1.0", "@napi-rs/tar-linux-arm64-gnu": "1.1.0", "@napi-rs/tar-linux-arm64-musl": "1.1.0", "@napi-rs/tar-linux-ppc64-gnu": "1.1.0", "@napi-rs/tar-linux-s390x-gnu": "1.1.0", "@napi-rs/tar-linux-x64-gnu": "1.1.0", "@napi-rs/tar-linux-x64-musl": "1.1.0", "@napi-rs/tar-wasm32-wasi": "1.1.0", "@napi-rs/tar-win32-arm64-msvc": "1.1.0", "@napi-rs/tar-win32-ia32-msvc": "1.1.0", "@napi-rs/tar-win32-x64-msvc": "1.1.0" } }, "sha512-7cmzIu+Vbupriudo7UudoMRH2OA3cTw67vva8MxeoAe5S7vPFI7z0vp0pMXiA25S8IUJefImQ90FeJjl8fjEaQ=="],

    "@napi-rs/tar-android-arm-eabi": ["@napi-rs/tar-android-arm-eabi@1.1.0", "", { "os": "android", "cpu": "arm" }, "sha512-h2Ryndraj/YiKgMV/r5by1cDusluYIRT0CaE0/PekQ4u+Wpy2iUVqvzVU98ZPnhXaNeYxEvVJHNGafpOfaD0TA=="],

    "@napi-rs/tar-android-arm64": ["@napi-rs/tar-android-arm64@1.1.0", "", { "os": "android", "cpu": "arm64" }, "sha512-DJFyQHr1ZxNZorm/gzc1qBNLF/FcKzcH0V0Vwan5P+o0aE2keQIGEjJ09FudkF9v6uOuJjHCVDdK6S6uHtShAw=="],

    "@napi-rs/tar-darwin-arm64": ["@napi-rs/tar-darwin-arm64@1.1.0", "", { "os": "darwin", "cpu": "arm64" }, "sha512-Zz2sXRzjIX4e532zD6xm2SjXEym6MkvfCvL2RMpG2+UwNVDVscHNcz3d47Pf3sysP2e2af7fBB3TIoK2f6trPw=="],

    "@napi-rs/tar-darwin-x64": ["@napi-rs/tar-darwin-x64@1.1.0", "", { "os": "darwin", "cpu": "x64" }, "sha512-EI+CptIMNweT0ms9S3mkP/q+J6FNZ1Q6pvpJOEcWglRfyfQpLqjlC0O+dptruTPE8VamKYuqdjxfqD8hifZDOA=="],

    "@napi-rs/tar-freebsd-x64": ["@napi-rs/tar-freebsd-x64@1.1.0", "", { "os": "freebsd", "cpu": "x64" }, "sha512-J0PIqX+pl6lBIAckL/c87gpodLbjZB1OtIK+RDscKC9NLdpVv6VGOxzUV/fYev/hctcE8EfkLbgFOfpmVQPg2g=="],

    "@napi-rs/tar-linux-arm-gnueabihf": ["@napi-rs/tar-linux-arm-gnueabihf@1.1.0", "", { "os": "linux", "cpu": "arm" }, "sha512-SLgIQo3f3EjkZ82ZwvrEgFvMdDAhsxCYjyoSuWfHCz0U16qx3SuGCp8+FYOPYCECHN3ZlGjXnoAIt9ERd0dEUg=="],

    "@napi-rs/tar-linux-arm64-gnu": ["@napi-rs/tar-linux-arm64-gnu@1.1.0", "", { "os": "linux", "cpu": "arm64" }, "sha512-d014cdle52EGaH6GpYTQOP9Py7glMO1zz/+ynJPjjzYFSxvdYx0byrjumZk2UQdIyGZiJO2MEFpCkEEKFSgPYA=="],

    "@napi-rs/tar-linux-arm64-musl": ["@napi-rs/tar-linux-arm64-musl@1.1.0", "", { "os": "linux", "cpu": "arm64" }, "sha512-L/y1/26q9L/uBqiW/JdOb/Dc94egFvNALUZV2WCGKQXc6UByPBMgdiEyW2dtoYxYYYYc+AKD+jr+wQPcvX2vrQ=="],

    "@napi-rs/tar-linux-ppc64-gnu": ["@napi-rs/tar-linux-ppc64-gnu@1.1.0", "", { "os": "linux", "cpu": "ppc64" }, "sha512-EPE1K/80RQvPbLRJDJs1QmCIcH+7WRi0F73+oTe1582y9RtfGRuzAkzeBuAGRXAQEjRQw/RjtNqr6UTJ+8UuWQ=="],

    "@napi-rs/tar-linux-s390x-gnu": ["@napi-rs/tar-linux-s390x-gnu@1.1.0", "", { "os": "linux", "cpu": "s390x" }, "sha512-B2jhWiB1ffw1nQBqLUP1h4+J1ovAxBOoe5N2IqDMOc63fsPZKNqF1PvO/dIem8z7LL4U4bsfmhy3gBfu547oNQ=="],

    "@napi-rs/tar-linux-x64-gnu": ["@napi-rs/tar-linux-x64-gnu@1.1.0", "", { "os": "linux", "cpu": "x64" }, "sha512-tbZDHnb9617lTnsDMGo/eAMZxnsQFnaRe+MszRqHguKfMwkisc9CCJnks/r1o84u5fECI+J/HOrKXgczq/3Oww=="],

    "@napi-rs/tar-linux-x64-musl": ["@napi-rs/tar-linux-x64-musl@1.1.0", "", { "os": "linux", "cpu": "x64" }, "sha512-dV6cODlzbO8u6Anmv2N/ilQHq/AWz0xyltuXoLU3yUyXbZcnWYZuB2rL8OBGPmqNcD+x9NdScBNXh7vWN0naSQ=="],

    "@napi-rs/tar-wasm32-wasi": ["@napi-rs/tar-wasm32-wasi@1.1.0", "", { "dependencies": { "@napi-rs/wasm-runtime": "^1.0.3" }, "cpu": "none" }, "sha512-jIa9nb2HzOrfH0F8QQ9g3WE4aMH5vSI5/1NYVNm9ysCmNjCCtMXCAhlI3WKCdm/DwHf0zLqdrrtDFXODcNaqMw=="],

    "@napi-rs/tar-win32-arm64-msvc": ["@napi-rs/tar-win32-arm64-msvc@1.1.0", "", { "os": "win32", "cpu": "arm64" }, "sha512-vfpG71OB0ijtjemp3WTdmBKJm9R70KM8vsSExMsIQtV0lVzP07oM1CW6JbNRPXNLhRoue9ofYLiUDk8bE0Hckg=="],

    "@napi-rs/tar-win32-ia32-msvc": ["@napi-rs/tar-win32-ia32-msvc@1.1.0", "", { "os": "win32", "cpu": "ia32" }, "sha512-hGPyPW60YSpOSgzfy68DLBHgi6HxkAM+L59ZZZPMQ0TOXjQg+p2EW87+TjZfJOkSpbYiEkULwa/f4a2hcVjsqQ=="],

    "@napi-rs/tar-win32-x64-msvc": ["@napi-rs/tar-win32-x64-msvc@1.1.0", "", { "os": "win32", "cpu": "x64" }, "sha512-L6Ed1DxXK9YSCMyvpR8MiNAyKNkQLjsHsHK9E0qnHa8NzLFqzDKhvs5LfnWxM2kJ+F7m/e5n9zPm24kHb3LsVw=="],

    "@napi-rs/wasm-runtime": ["@napi-rs/wasm-runtime@0.2.12", "", { "dependencies": { "@emnapi/core": "^1.4.3", "@emnapi/runtime": "^1.4.3", "@tybys/wasm-util": "^0.10.0" } }, "sha512-ZVWUcfwY4E/yPitQJl481FjFo3K22D6qF0DuFH6Y/nbnE11GY5uguDxZMGXPQ8WQ0128MXQD7TnfHyK4oWoIJQ=="],

    "@napi-rs/wasm-tools": ["@napi-rs/wasm-tools@1.0.1", "", { "optionalDependencies": { "@napi-rs/wasm-tools-android-arm-eabi": "1.0.1", "@napi-rs/wasm-tools-android-arm64": "1.0.1", "@napi-rs/wasm-tools-darwin-arm64": "1.0.1", "@napi-rs/wasm-tools-darwin-x64": "1.0.1", "@napi-rs/wasm-tools-freebsd-x64": "1.0.1", "@napi-rs/wasm-tools-linux-arm64-gnu": "1.0.1", "@napi-rs/wasm-tools-linux-arm64-musl": "1.0.1", "@napi-rs/wasm-tools-linux-x64-gnu": "1.0.1", "@napi-rs/wasm-tools-linux-x64-musl": "1.0.1", "@napi-rs/wasm-tools-wasm32-wasi": "1.0.1", "@napi-rs/wasm-tools-win32-arm64-msvc": "1.0.1", "@napi-rs/wasm-tools-win32-ia32-msvc": "1.0.1", "@napi-rs/wasm-tools-win32-x64-msvc": "1.0.1" } }, "sha512-enkZYyuCdo+9jneCPE/0fjIta4wWnvVN9hBo2HuiMpRF0q3lzv1J6b/cl7i0mxZUKhBrV3aCKDBQnCOhwKbPmQ=="],

    "@napi-rs/wasm-tools-android-arm-eabi": ["@napi-rs/wasm-tools-android-arm-eabi@1.0.1", "", { "os": "android", "cpu": "arm" }, "sha512-lr07E/l571Gft5v4aA1dI8koJEmF1F0UigBbsqg9OWNzg80H3lDPO+auv85y3T/NHE3GirDk7x/D3sLO57vayw=="],

    "@napi-rs/wasm-tools-android-arm64": ["@napi-rs/wasm-tools-android-arm64@1.0.1", "", { "os": "android", "cpu": "arm64" }, "sha512-WDR7S+aRLV6LtBJAg5fmjKkTZIdrEnnQxgdsb7Cf8pYiMWBHLU+LC49OUVppQ2YSPY0+GeYm9yuZWW3kLjJ7Bg=="],

    "@napi-rs/wasm-tools-darwin-arm64": ["@napi-rs/wasm-tools-darwin-arm64@1.0.1", "", { "os": "darwin", "cpu": "arm64" }, "sha512-qWTI+EEkiN0oIn/N2gQo7+TVYil+AJ20jjuzD2vATS6uIjVz+Updeqmszi7zq7rdFTLp6Ea3/z4kDKIfZwmR9g=="],

    "@napi-rs/wasm-tools-darwin-x64": ["@napi-rs/wasm-tools-darwin-x64@1.0.1", "", { "os": "darwin", "cpu": "x64" }, "sha512-bA6hubqtHROR5UI3tToAF/c6TDmaAgF0SWgo4rADHtQ4wdn0JeogvOk50gs2TYVhKPE2ZD2+qqt7oBKB+sxW3A=="],

    "@napi-rs/wasm-tools-freebsd-x64": ["@napi-rs/wasm-tools-freebsd-x64@1.0.1", "", { "os": "freebsd", "cpu": "x64" }, "sha512-90+KLBkD9hZEjPQW1MDfwSt5J1L46EUKacpCZWyRuL6iIEO5CgWU0V/JnEgFsDOGyyYtiTvHc5bUdUTWd4I9Vg=="],

    "@napi-rs/wasm-tools-linux-arm64-gnu": ["@napi-rs/wasm-tools-linux-arm64-gnu@1.0.1", "", { "os": "linux", "cpu": "arm64" }, "sha512-rG0QlS65x9K/u3HrKafDf8cFKj5wV2JHGfl8abWgKew0GVPyp6vfsDweOwHbWAjcHtp2LHi6JHoW80/MTHm52Q=="],

    "@napi-rs/wasm-tools-linux-arm64-musl": ["@napi-rs/wasm-tools-linux-arm64-musl@1.0.1", "", { "os": "linux", "cpu": "arm64" }, "sha512-jAasbIvjZXCgX0TCuEFQr+4D6Lla/3AAVx2LmDuMjgG4xoIXzjKWl7c4chuaD+TI+prWT0X6LJcdzFT+ROKGHQ=="],

    "@napi-rs/wasm-tools-linux-x64-gnu": ["@napi-rs/wasm-tools-linux-x64-gnu@1.0.1", "", { "os": "linux", "cpu": "x64" }, "sha512-Plgk5rPqqK2nocBGajkMVbGm010Z7dnUgq0wtnYRZbzWWxwWcXfZMPa8EYxrK4eE8SzpI7VlZP1tdVsdjgGwMw=="],

    "@napi-rs/wasm-tools-linux-x64-musl": ["@napi-rs/wasm-tools-linux-x64-musl@1.0.1", "", { "os": "linux", "cpu": "x64" }, "sha512-GW7AzGuWxtQkyHknHWYFdR0CHmW6is8rG2Rf4V6GNmMpmwtXt/ItWYWtBe4zqJWycMNazpfZKSw/BpT7/MVCXQ=="],

    "@napi-rs/wasm-tools-wasm32-wasi": ["@napi-rs/wasm-tools-wasm32-wasi@1.0.1", "", { "dependencies": { "@napi-rs/wasm-runtime": "^1.0.3" }, "cpu": "none" }, "sha512-/nQVSTrqSsn7YdAc2R7Ips/tnw5SPUcl3D7QrXCNGPqjbatIspnaexvaOYNyKMU6xPu+pc0BTnKVmqhlJJCPLA=="],

    "@napi-rs/wasm-tools-win32-arm64-msvc": ["@napi-rs/wasm-tools-win32-arm64-msvc@1.0.1", "", { "os": "win32", "cpu": "arm64" }, "sha512-PFi7oJIBu5w7Qzh3dwFea3sHRO3pojMsaEnUIy22QvsW+UJfNQwJCryVrpoUt8m4QyZXI+saEq/0r4GwdoHYFQ=="],

    "@napi-rs/wasm-tools-win32-ia32-msvc": ["@napi-rs/wasm-tools-win32-ia32-msvc@1.0.1", "", { "os": "win32", "cpu": "ia32" }, "sha512-gXkuYzxQsgkj05Zaq+KQTkHIN83dFAwMcTKa2aQcpYPRImFm2AQzEyLtpXmyCWzJ0F9ZYAOmbSyrNew8/us6bw=="],

    "@napi-rs/wasm-tools-win32-x64-msvc": ["@napi-rs/wasm-tools-win32-x64-msvc@1.0.1", "", { "os": "win32", "cpu": "x64" }, "sha512-rEAf05nol3e3eei2sRButmgXP+6ATgm0/38MKhz9Isne82T4rPIMYsCIFj0kOisaGeVwoi2fnm7O9oWp5YVnYQ=="],

    "@octokit/auth-token": ["@octokit/auth-token@6.0.0", "", {}, "sha512-P4YJBPdPSpWTQ1NU4XYdvHvXJJDxM6YwpS0FZHRgP7YFkdVxsWcpWGy/NVqlAA7PcPCnMacXlRm1y2PFZRWL/w=="],

    "@octokit/core": ["@octokit/core@7.0.6", "", { "dependencies": { "@octokit/auth-token": "^6.0.0", "@octokit/graphql": "^9.0.3", "@octokit/request": "^10.0.6", "@octokit/request-error": "^7.0.2", "@octokit/types": "^16.0.0", "before-after-hook": "^4.0.0", "universal-user-agent": "^7.0.0" } }, "sha512-DhGl4xMVFGVIyMwswXeyzdL4uXD5OGILGX5N8Y+f6W7LhC1Ze2poSNrkF/fedpVDHEEZ+PHFW0vL14I+mm8K3Q=="],

    "@octokit/endpoint": ["@octokit/endpoint@11.0.2", "", { "dependencies": { "@octokit/types": "^16.0.0", "universal-user-agent": "^7.0.2" } }, "sha512-4zCpzP1fWc7QlqunZ5bSEjxc6yLAlRTnDwKtgXfcI/FxxGoqedDG8V2+xJ60bV2kODqcGB+nATdtap/XYq2NZQ=="],

    "@octokit/graphql": ["@octokit/graphql@9.0.3", "", { "dependencies": { "@octokit/request": "^10.0.6", "@octokit/types": "^16.0.0", "universal-user-agent": "^7.0.0" } }, "sha512-grAEuupr/C1rALFnXTv6ZQhFuL1D8G5y8CN04RgrO4FIPMrtm+mcZzFG7dcBm+nq+1ppNixu+Jd78aeJOYxlGA=="],

    "@octokit/openapi-types": ["@octokit/openapi-types@27.0.0", "", {}, "sha512-whrdktVs1h6gtR+09+QsNk2+FO+49j6ga1c55YZudfEG+oKJVvJLQi3zkOm5JjiUXAagWK2tI2kTGKJ2Ys7MGA=="],

    "@octokit/plugin-paginate-rest": ["@octokit/plugin-paginate-rest@14.0.0", "", { "dependencies": { "@octokit/types": "^16.0.0" }, "peerDependencies": { "@octokit/core": ">=6" } }, "sha512-fNVRE7ufJiAA3XUrha2omTA39M6IXIc6GIZLvlbsm8QOQCYvpq/LkMNGyFlB1d8hTDzsAXa3OKtybdMAYsV/fw=="],

    "@octokit/plugin-request-log": ["@octokit/plugin-request-log@6.0.0", "", { "peerDependencies": { "@octokit/core": ">=6" } }, "sha512-UkOzeEN3W91/eBq9sPZNQ7sUBvYCqYbrrD8gTbBuGtHEuycE4/awMXcYvx6sVYo7LypPhmQwwpUe4Yyu4QZN5Q=="],

    "@octokit/plugin-rest-endpoint-methods": ["@octokit/plugin-rest-endpoint-methods@17.0.0", "", { "dependencies": { "@octokit/types": "^16.0.0" }, "peerDependencies": { "@octokit/core": ">=6" } }, "sha512-B5yCyIlOJFPqUUeiD0cnBJwWJO8lkJs5d8+ze9QDP6SvfiXSz1BF+91+0MeI1d2yxgOhU/O+CvtiZ9jSkHhFAw=="],

    "@octokit/request": ["@octokit/request@10.0.7", "", { "dependencies": { "@octokit/endpoint": "^11.0.2", "@octokit/request-error": "^7.0.2", "@octokit/types": "^16.0.0", "fast-content-type-parse": "^3.0.0", "universal-user-agent": "^7.0.2" } }, "sha512-v93h0i1yu4idj8qFPZwjehoJx4j3Ntn+JhXsdJrG9pYaX6j/XRz2RmasMUHtNgQD39nrv/VwTWSqK0RNXR8upA=="],

    "@octokit/request-error": ["@octokit/request-error@7.1.0", "", { "dependencies": { "@octokit/types": "^16.0.0" } }, "sha512-KMQIfq5sOPpkQYajXHwnhjCC0slzCNScLHs9JafXc4RAJI+9f+jNDlBNaIMTvazOPLgb4BnlhGJOTbnN0wIjPw=="],

    "@octokit/rest": ["@octokit/rest@22.0.1", "", { "dependencies": { "@octokit/core": "^7.0.6", "@octokit/plugin-paginate-rest": "^14.0.0", "@octokit/plugin-request-log": "^6.0.0", "@octokit/plugin-rest-endpoint-methods": "^17.0.0" } }, "sha512-Jzbhzl3CEexhnivb1iQ0KJ7s5vvjMWcmRtq5aUsKmKDrRW6z3r84ngmiFKFvpZjpiU/9/S6ITPFRpn5s/3uQJw=="],

    "@octokit/types": ["@octokit/types@16.0.0", "", { "dependencies": { "@octokit/openapi-types": "^27.0.0" } }, "sha512-sKq+9r1Mm4efXW1FCk7hFSeJo4QKreL/tTbR0rz/qx/r1Oa2VV83LTA/H/MuCOX7uCIJmQVRKBcbmWoySjAnSg=="],

    "@oxc-project/runtime": ["@oxc-project/runtime@0.71.0", "", {}, "sha512-QwoF5WUXIGFQ+hSxWEib4U/aeLoiDN9JlP18MnBgx9LLPRDfn1iICtcow7Jgey6HLH4XFceWXQD5WBJ39dyJcw=="],

    "@oxc-project/types": ["@oxc-project/types@0.71.0", "", {}, "sha512-5CwQ4MI+P4MQbjLWXgNurA+igGwu/opNetIE13LBs9+V93R64MLvDKOOLZIXSzEfovU3Zef3q3GjPnMTgJTn2w=="],

    "@rolldown/binding-darwin-arm64": ["@rolldown/binding-darwin-arm64@1.0.0-beta.9-commit.d91dfb5", "", { "os": "darwin", "cpu": "arm64" }, "sha512-Mp0/gqiPdepHjjVm7e0yL1acWvI0rJVVFQEADSezvAjon9sjQ7CEg9JnXICD4B1YrPmN9qV/e7cQZCp87tTV4w=="],

    "@rolldown/binding-darwin-x64": ["@rolldown/binding-darwin-x64@1.0.0-beta.9-commit.d91dfb5", "", { "os": "darwin", "cpu": "x64" }, "sha512-40re4rMNrsi57oavRzIOpRGmg3QRlW6Ea8Q3znaqgOuJuKVrrm2bIQInTfkZJG7a4/5YMX7T951d0+toGLTdCA=="],

    "@rolldown/binding-freebsd-x64": ["@rolldown/binding-freebsd-x64@1.0.0-beta.9-commit.d91dfb5", "", { "os": "freebsd", "cpu": "x64" }, "sha512-8BDM939bbMariZupiHp3OmP5N+LXPT4mULA0hZjDaq970PCxv4krZOSMG+HkWUUwmuQROtV+/00xw39EO0P+8g=="],

    "@rolldown/binding-linux-arm-gnueabihf": ["@rolldown/binding-linux-arm-gnueabihf@1.0.0-beta.9-commit.d91dfb5", "", { "os": "linux", "cpu": "arm" }, "sha512-sntsPaPgrECpBB/+2xrQzVUt0r493TMPI+4kWRMhvMsmrxOqH1Ep5lM0Wua/ZdbfZNwm1aVa5pcESQfNfM4Fhw=="],

    "@rolldown/binding-linux-arm64-gnu": ["@rolldown/binding-linux-arm64-gnu@1.0.0-beta.9-commit.d91dfb5", "", { "os": "linux", "cpu": "arm64" }, "sha512-5clBW/I+er9F2uM1OFjJFWX86y7Lcy0M+NqsN4s3o07W+8467Zk8oQa4B45vdaXoNUF/yqIAgKkA/OEdQDxZqA=="],

    "@rolldown/binding-linux-arm64-musl": ["@rolldown/binding-linux-arm64-musl@1.0.0-beta.9-commit.d91dfb5", "", { "os": "linux", "cpu": "arm64" }, "sha512-wv+rnAfQDk9p/CheX8/Kmqk2o1WaFa4xhWI9gOyDMk/ljvOX0u0ubeM8nI1Qfox7Tnh71eV5AjzSePXUhFOyOg=="],

    "@rolldown/binding-linux-x64-gnu": ["@rolldown/binding-linux-x64-gnu@1.0.0-beta.9-commit.d91dfb5", "", { "os": "linux", "cpu": "x64" }, "sha512-gxD0/xhU4Py47IH3bKZbWtvB99tMkUPGPJFRfSc5UB9Osoje0l0j1PPbxpUtXIELurYCqwLBKXIMTQGifox1BQ=="],

    "@rolldown/binding-linux-x64-musl": ["@rolldown/binding-linux-x64-musl@1.0.0-beta.9-commit.d91dfb5", "", { "os": "linux", "cpu": "x64" }, "sha512-HotuVe3XUjDwqqEMbm3o3IRkP9gdm8raY/btd/6KE3JGLF/cv4+3ff1l6nOhAZI8wulWDPEXPtE7v+HQEaTXnA=="],

    "@rolldown/binding-wasm32-wasi": ["@rolldown/binding-wasm32-wasi@1.0.0-beta.9-commit.d91dfb5", "", { "dependencies": { "@napi-rs/wasm-runtime": "^0.2.4" }, "cpu": "none" }, "sha512-8Cx+ucbd8n2dIr21FqBh6rUvTVL0uTgEtKR7l+MUZ5BgY4dFh1e4mPVX8oqmoYwOxBiXrsD2JIOCz4AyKLKxWA=="],

    "@rolldown/binding-win32-arm64-msvc": ["@rolldown/binding-win32-arm64-msvc@1.0.0-beta.9-commit.d91dfb5", "", { "os": "win32", "cpu": "arm64" }, "sha512-Vhq5vikrVDxAa75fxsyqj0c0Y/uti/TwshXI71Xb8IeUQJOBnmLUsn5dgYf5ljpYYkNa0z9BPAvUDIDMmyDi+w=="],

    "@rolldown/binding-win32-ia32-msvc": ["@rolldown/binding-win32-ia32-msvc@1.0.0-beta.9-commit.d91dfb5", "", { "os": "win32", "cpu": "ia32" }, "sha512-lN7RIg9Iugn08zP2aZN9y/MIdG8iOOCE93M1UrFlrxMTqPf8X+fDzmR/OKhTSd1A2pYNipZHjyTcb5H8kyQSow=="],

    "@rolldown/binding-win32-x64-msvc": ["@rolldown/binding-win32-x64-msvc@1.0.0-beta.9-commit.d91dfb5", "", { "os": "win32", "cpu": "x64" }, "sha512-7/7cLIn48Y+EpQ4CePvf8reFl63F15yPUlg4ZAhl+RXJIfydkdak1WD8Ir3AwAO+bJBXzrfNL+XQbxm0mcQZmw=="],

    "@rolldown/pluginutils": ["@rolldown/pluginutils@1.0.0-beta.9-commit.d91dfb5", "", {}, "sha512-8sExkWRK+zVybw3+2/kBkYBFeLnEUWz1fT7BLHplpzmtqkOfTbAQ9gkt4pzwGIIZmg4Qn5US5ACjUBenrhezwQ=="],

    "@rollup/rollup-android-arm-eabi": ["@rollup/rollup-android-arm-eabi@4.52.5", "", { "os": "android", "cpu": "arm" }, "sha512-8c1vW4ocv3UOMp9K+gToY5zL2XiiVw3k7f1ksf4yO1FlDFQ1C2u72iACFnSOceJFsWskc2WZNqeRhFRPzv+wtQ=="],

    "@rollup/rollup-android-arm64": ["@rollup/rollup-android-arm64@4.52.5", "", { "os": "android", "cpu": "arm64" }, "sha512-mQGfsIEFcu21mvqkEKKu2dYmtuSZOBMmAl5CFlPGLY94Vlcm+zWApK7F/eocsNzp8tKmbeBP8yXyAbx0XHsFNA=="],

    "@rollup/rollup-darwin-arm64": ["@rollup/rollup-darwin-arm64@4.52.5", "", { "os": "darwin", "cpu": "arm64" }, "sha512-takF3CR71mCAGA+v794QUZ0b6ZSrgJkArC+gUiG6LB6TQty9T0Mqh3m2ImRBOxS2IeYBo4lKWIieSvnEk2OQWA=="],

    "@rollup/rollup-darwin-x64": ["@rollup/rollup-darwin-x64@4.52.5", "", { "os": "darwin", "cpu": "x64" }, "sha512-W901Pla8Ya95WpxDn//VF9K9u2JbocwV/v75TE0YIHNTbhqUTv9w4VuQ9MaWlNOkkEfFwkdNhXgcLqPSmHy0fA=="],

    "@rollup/rollup-freebsd-arm64": ["@rollup/rollup-freebsd-arm64@4.52.5", "", { "os": "freebsd", "cpu": "arm64" }, "sha512-QofO7i7JycsYOWxe0GFqhLmF6l1TqBswJMvICnRUjqCx8b47MTo46W8AoeQwiokAx3zVryVnxtBMcGcnX12LvA=="],

    "@rollup/rollup-freebsd-x64": ["@rollup/rollup-freebsd-x64@4.52.5", "", { "os": "freebsd", "cpu": "x64" }, "sha512-jr21b/99ew8ujZubPo9skbrItHEIE50WdV86cdSoRkKtmWa+DDr6fu2c/xyRT0F/WazZpam6kk7IHBerSL7LDQ=="],

    "@rollup/rollup-linux-arm-gnueabihf": ["@rollup/rollup-linux-arm-gnueabihf@4.52.5", "", { "os": "linux", "cpu": "arm" }, "sha512-PsNAbcyv9CcecAUagQefwX8fQn9LQ4nZkpDboBOttmyffnInRy8R8dSg6hxxl2Re5QhHBf6FYIDhIj5v982ATQ=="],

    "@rollup/rollup-linux-arm-musleabihf": ["@rollup/rollup-linux-arm-musleabihf@4.52.5", "", { "os": "linux", "cpu": "arm" }, "sha512-Fw4tysRutyQc/wwkmcyoqFtJhh0u31K+Q6jYjeicsGJJ7bbEq8LwPWV/w0cnzOqR2m694/Af6hpFayLJZkG2VQ=="],

    "@rollup/rollup-linux-arm64-gnu": ["@rollup/rollup-linux-arm64-gnu@4.52.5", "", { "os": "linux", "cpu": "arm64" }, "sha512-a+3wVnAYdQClOTlyapKmyI6BLPAFYs0JM8HRpgYZQO02rMR09ZcV9LbQB+NL6sljzG38869YqThrRnfPMCDtZg=="],

    "@rollup/rollup-linux-arm64-musl": ["@rollup/rollup-linux-arm64-musl@4.52.5", "", { "os": "linux", "cpu": "arm64" }, "sha512-AvttBOMwO9Pcuuf7m9PkC1PUIKsfaAJ4AYhy944qeTJgQOqJYJ9oVl2nYgY7Rk0mkbsuOpCAYSs6wLYB2Xiw0Q=="],

    "@rollup/rollup-linux-loong64-gnu": ["@rollup/rollup-linux-loong64-gnu@4.52.5", "", { "os": "linux", "cpu": "none" }, "sha512-DkDk8pmXQV2wVrF6oq5tONK6UHLz/XcEVow4JTTerdeV1uqPeHxwcg7aFsfnSm9L+OO8WJsWotKM2JJPMWrQtA=="],

    "@rollup/rollup-linux-ppc64-gnu": ["@rollup/rollup-linux-ppc64-gnu@4.52.5", "", { "os": "linux", "cpu": "ppc64" }, "sha512-W/b9ZN/U9+hPQVvlGwjzi+Wy4xdoH2I8EjaCkMvzpI7wJUs8sWJ03Rq96jRnHkSrcHTpQe8h5Tg3ZzUPGauvAw=="],

    "@rollup/rollup-linux-riscv64-gnu": ["@rollup/rollup-linux-riscv64-gnu@4.52.5", "", { "os": "linux", "cpu": "none" }, "sha512-sjQLr9BW7R/ZiXnQiWPkErNfLMkkWIoCz7YMn27HldKsADEKa5WYdobaa1hmN6slu9oWQbB6/jFpJ+P2IkVrmw=="],

    "@rollup/rollup-linux-riscv64-musl": ["@rollup/rollup-linux-riscv64-musl@4.52.5", "", { "os": "linux", "cpu": "none" }, "sha512-hq3jU/kGyjXWTvAh2awn8oHroCbrPm8JqM7RUpKjalIRWWXE01CQOf/tUNWNHjmbMHg/hmNCwc/Pz3k1T/j/Lg=="],

    "@rollup/rollup-linux-s390x-gnu": ["@rollup/rollup-linux-s390x-gnu@4.52.5", "", { "os": "linux", "cpu": "s390x" }, "sha512-gn8kHOrku8D4NGHMK1Y7NA7INQTRdVOntt1OCYypZPRt6skGbddska44K8iocdpxHTMMNui5oH4elPH4QOLrFQ=="],

    "@rollup/rollup-linux-x64-gnu": ["@rollup/rollup-linux-x64-gnu@4.52.5", "", { "os": "linux", "cpu": "x64" }, "sha512-hXGLYpdhiNElzN770+H2nlx+jRog8TyynpTVzdlc6bndktjKWyZyiCsuDAlpd+j+W+WNqfcyAWz9HxxIGfZm1Q=="],

    "@rollup/rollup-linux-x64-musl": ["@rollup/rollup-linux-x64-musl@4.52.5", "", { "os": "linux", "cpu": "x64" }, "sha512-arCGIcuNKjBoKAXD+y7XomR9gY6Mw7HnFBv5Rw7wQRvwYLR7gBAgV7Mb2QTyjXfTveBNFAtPt46/36vV9STLNg=="],

    "@rollup/rollup-openharmony-arm64": ["@rollup/rollup-openharmony-arm64@4.52.5", "", { "os": "none", "cpu": "arm64" }, "sha512-QoFqB6+/9Rly/RiPjaomPLmR/13cgkIGfA40LHly9zcH1S0bN2HVFYk3a1eAyHQyjs3ZJYlXvIGtcCs5tko9Cw=="],

    "@rollup/rollup-win32-arm64-msvc": ["@rollup/rollup-win32-arm64-msvc@4.52.5", "", { "os": "win32", "cpu": "arm64" }, "sha512-w0cDWVR6MlTstla1cIfOGyl8+qb93FlAVutcor14Gf5Md5ap5ySfQ7R9S/NjNaMLSFdUnKGEasmVnu3lCMqB7w=="],

    "@rollup/rollup-win32-ia32-msvc": ["@rollup/rollup-win32-ia32-msvc@4.52.5", "", { "os": "win32", "cpu": "ia32" }, "sha512-Aufdpzp7DpOTULJCuvzqcItSGDH73pF3ko/f+ckJhxQyHtp67rHw3HMNxoIdDMUITJESNE6a8uh4Lo4SLouOUg=="],

    "@rollup/rollup-win32-x64-gnu": ["@rollup/rollup-win32-x64-gnu@4.52.5", "", { "os": "win32", "cpu": "x64" }, "sha512-UGBUGPFp1vkj6p8wCRraqNhqwX/4kNQPS57BCFc8wYh0g94iVIW33wJtQAx3G7vrjjNtRaxiMUylM0ktp/TRSQ=="],

    "@rollup/rollup-win32-x64-msvc": ["@rollup/rollup-win32-x64-msvc@4.52.5", "", { "os": "win32", "cpu": "x64" }, "sha512-TAcgQh2sSkykPRWLrdyy2AiceMckNf5loITqXxFI5VuQjS5tSuw3WlwdN8qv8vzjLAUTvYaH/mVjSFpbkFbpTg=="],

    "@tybys/wasm-util": ["@tybys/wasm-util@0.10.1", "", { "dependencies": { "tslib": "^2.4.0" } }, "sha512-9tTaPJLSiejZKx+Bmog4uSubteqTvFrVrURwkmHixBo0G4seD0zUxp98E1DzUBJxLQ3NPwXrGKDiVjwx/DpPsg=="],

    "@types/bun": ["@types/bun@1.3.8", "", { "dependencies": { "bun-types": "1.3.8" } }, "sha512-3LvWJ2q5GerAXYxO2mffLTqOzEu5qnhEAlh48Vnu8WQfnmSwbgagjGZV6BoHKJztENYEDn6QmVd949W4uESRJA=="],

    "@types/estree": ["@types/estree@1.0.8", "", {}, "sha512-dWHzHa2WqEXI/O1E9OjrocMTKJl2mSrEolh1Iomrv6U+JuNwaHXsXx9bLu5gG7BUWFIN0skIQJQ/L1rIex4X6w=="],

    "@types/node": ["@types/node@25.2.2", "", { "dependencies": { "undici-types": "~7.16.0" } }, "sha512-BkmoP5/FhRYek5izySdkOneRyXYN35I860MFAGupTdebyE66uZaR+bXLHq8k4DirE5DwQi3NuhvRU1jqTVwUrQ=="],

    "ansi-regex": ["ansi-regex@6.2.2", "", {}, "sha512-Bq3SmSpyFHaWjPk8If9yc6svM8c56dB5BAtW4Qbw5jHTwwXXcTLoRMkpDJp6VL0XzlWaCHTXrkFURMYmD0sLqg=="],

    "ansi-styles": ["ansi-styles@6.2.3", "", {}, "sha512-4Dj6M28JB+oAH8kFkTLUo+a2jwOFkuqb3yucU0CANcRRUbxS0cP0nZYCGjcc3BNXwRIsUVmDGgzawme7zvJHvg=="],

    "ansis": ["ansis@4.2.0", "", {}, "sha512-HqZ5rWlFjGiV0tDm3UxxgNRqsOTniqoKZu0pIAfh7TZQMGuZK+hH0drySty0si0QXj1ieop4+SkSfPZBPPkHig=="],

    "argparse": ["argparse@2.0.1", "", {}, "sha512-8+9WqebbFzpX9OR+Wa6O29asIogeRMzcGtAINdpMHHyAg10f05aSFVBbcEqGf/PXw1EjAZ+q2/bEBg3DvurK3Q=="],

    "before-after-hook": ["before-after-hook@4.0.0", "", {}, "sha512-q6tR3RPqIB1pMiTRMFcZwuG5T8vwp+vUvEG0vuI6B+Rikh5BfPp2fQ82c925FOs+b0lcFQ8CFrL+KbilfZFhOQ=="],

    "bun-types": ["bun-types@1.3.8", "", { "dependencies": { "@types/node": "*" } }, "sha512-fL99nxdOWvV4LqjmC+8Q9kW3M4QTtTR1eePs94v5ctGqU8OeceWrSUaRw3JYb7tU3FkMIAjkueehrHPPPGKi5Q=="],

    "chardet": ["chardet@2.1.1", "", {}, "sha512-PsezH1rqdV9VvyNhxxOW32/d75r01NY7TQCmOqomRo15ZSOKbpTFVsfjghxo6JloQUCGnH4k1LGu0R4yCLlWQQ=="],

    "cli-width": ["cli-width@4.1.0", "", {}, "sha512-ouuZd4/dm2Sw5Gmqy6bGyNNNe1qt9RpmxveLSO7KcgsTnU7RXfsw+/bukWGo1abgBiMAic068rclZsO4IWmmxQ=="],

    "clipanion": ["clipanion@4.0.0-rc.4", "", { "dependencies": { "typanion": "^3.8.0" } }, "sha512-CXkMQxU6s9GklO/1f714dkKBMu1lopS1WFF0B8o4AxPykR1hpozxSiUZ5ZUeBjfPgCWqbcNOtZVFhB8Lkfp1+Q=="],

    "colorette": ["colorette@2.0.20", "", {}, "sha512-IfEDxwoWIjkeXL1eXcDiow4UbKjhLdq6/EuSVR9GMN7KVH3r9gQ83e73hsz1Nd1T3ijd5xv1wcWRYO+D6kCI2w=="],

    "debug": ["debug@4.4.1", "", { "dependencies": { "ms": "^2.1.3" } }, "sha512-KcKCqiftBJcZr++7ykoDIEwSa3XWowTfNPo92BYxjXiyYEVrUQh2aLyhxBCwww+heortUFxEJYcRzosstTEBYQ=="],

    "emnapi": ["emnapi@1.7.1", "", { "peerDependencies": { "node-addon-api": ">= 6.1.0" }, "optionalPeers": ["node-addon-api"] }, "sha512-wlLK2xFq+T+rCBlY6+lPlFVDEyE93b7hSn9dMrfWBIcPf4ArwUvymvvMnN9M5WWuiryYQe9M+UJrkqw4trdyRA=="],

    "emoji-regex": ["emoji-regex@10.6.0", "", {}, "sha512-toUI84YS5YmxW219erniWD0CIVOo46xGKColeNQRgOzDorgBi1v4D71/OFzgD9GO2UGKIv1C3Sp8DAn0+j5w7A=="],

    "es-toolkit": ["es-toolkit@1.43.0", "", {}, "sha512-SKCT8AsWvYzBBuUqMk4NPwFlSdqLpJwmy6AP322ERn8W2YLIB6JBXnwMI2Qsh2gfphT3q7EKAxKb23cvFHFwKA=="],

    "fast-content-type-parse": ["fast-content-type-parse@3.0.0", "", {}, "sha512-ZvLdcY8P+N8mGQJahJV5G4U88CSvT1rP8ApL6uETe88MBXrBHAkZlSEySdUlyztF7ccb+Znos3TFqaepHxdhBg=="],

    "fsevents": ["fsevents@2.3.3", "", { "os": "darwin" }, "sha512-5xoDfX+fL7faATnagmWPpbFtwh/R77WmMMqqHGS65C3vvB0YHrgF+B1YmZ3441tMj5n63k0212XNoJwzlhffQw=="],

    "get-east-asian-width": ["get-east-asian-width@1.4.0", "", {}, "sha512-QZjmEOC+IT1uk6Rx0sX22V6uHWVwbdbxf1faPqJ1QhLdGgsRGCZoyaQBm/piRdJy/D2um6hM1UP7ZEeQ4EkP+Q=="],

    "iconv-lite": ["iconv-lite@0.7.0", "", { "dependencies": { "safer-buffer": ">= 2.1.2 < 3.0.0" } }, "sha512-cf6L2Ds3h57VVmkZe+Pn+5APsT7FpqJtEhhieDCvrE2MK5Qk9MyffgQyuxQTm6BChfeZNtcOLHp9IcWRVcIcBQ=="],

    "ivi": ["ivi@workspace:packages/ivi"],

    "js-yaml": ["js-yaml@4.1.0", "", { "dependencies": { "argparse": "^2.0.1" }, "bin": { "js-yaml": "bin/js-yaml.js" } }, "sha512-wpxZs9NoxZaJESJGIZTyDEaYpl0FKSA+FB9aJiyemKhMwkxQg63h4T1KJgUGHpTqPDNRcmmYLugrRjJlBtWvRA=="],

    "ms": ["ms@2.1.3", "", {}, "sha512-6FlzubTLZG3J2a/NVCAleEhjzq5oxgHyaCU9yYXvcLsvoVaHJq/s5xXI6/XXP6tz7R9xAOtHnSO/tXtF3WRTlA=="],

    "mute-stream": ["mute-stream@3.0.0", "", {}, "sha512-dkEJPVvun4FryqBmZ5KhDo0K9iDXAwn08tMLDinNdRBNPcYEDiWYysLcc6k3mjTMlbP9KyylvRpd4wFtwrT9rw=="],

    "obug": ["obug@2.1.1", "", {}, "sha512-uTqF9MuPraAQ+IsnPf366RG4cP9RtUi7MLO1N3KEc+wb0a6yKpeL0lmk2IB1jY5KHPAlTc6T/JRdC/YqxHNwkQ=="],

    "rolldown": ["rolldown@1.0.0-beta.9-commit.d91dfb5", "", { "dependencies": { "@oxc-project/runtime": "0.71.0", "@oxc-project/types": "0.71.0", "@rolldown/pluginutils": "1.0.0-beta.9-commit.d91dfb5", "ansis": "^4.0.0" }, "optionalDependencies": { "@rolldown/binding-darwin-arm64": "1.0.0-beta.9-commit.d91dfb5", "@rolldown/binding-darwin-x64": "1.0.0-beta.9-commit.d91dfb5", "@rolldown/binding-freebsd-x64": "1.0.0-beta.9-commit.d91dfb5", "@rolldown/binding-linux-arm-gnueabihf": "1.0.0-beta.9-commit.d91dfb5", "@rolldown/binding-linux-arm64-gnu": "1.0.0-beta.9-commit.d91dfb5", "@rolldown/binding-linux-arm64-musl": "1.0.0-beta.9-commit.d91dfb5", "@rolldown/binding-linux-x64-gnu": "1.0.0-beta.9-commit.d91dfb5", "@rolldown/binding-linux-x64-musl": "1.0.0-beta.9-commit.d91dfb5", "@rolldown/binding-wasm32-wasi": "1.0.0-beta.9-commit.d91dfb5", "@rolldown/binding-win32-arm64-msvc": "1.0.0-beta.9-commit.d91dfb5", "@rolldown/binding-win32-ia32-msvc": "1.0.0-beta.9-commit.d91dfb5", "@rolldown/binding-win32-x64-msvc": "1.0.0-beta.9-commit.d91dfb5" }, "bin": { "rolldown": "bin/cli.mjs" } }, "sha512-FHkj6gGEiEgmAXQchglofvUUdwj2Oiw603Rs+zgFAnn9Cb7T7z3fiaEc0DbN3ja4wYkW6sF2rzMEtC1V4BGx/g=="],

    "rollup": ["rollup@4.52.5", "", { "dependencies": { "@types/estree": "1.0.8" }, "optionalDependencies": { "@rollup/rollup-android-arm-eabi": "4.52.5", "@rollup/rollup-android-arm64": "4.52.5", "@rollup/rollup-darwin-arm64": "4.52.5", "@rollup/rollup-darwin-x64": "4.52.5", "@rollup/rollup-freebsd-arm64": "4.52.5", "@rollup/rollup-freebsd-x64": "4.52.5", "@rollup/rollup-linux-arm-gnueabihf": "4.52.5", "@rollup/rollup-linux-arm-musleabihf": "4.52.5", "@rollup/rollup-linux-arm64-gnu": "4.52.5", "@rollup/rollup-linux-arm64-musl": "4.52.5", "@rollup/rollup-linux-loong64-gnu": "4.52.5", "@rollup/rollup-linux-ppc64-gnu": "4.52.5", "@rollup/rollup-linux-riscv64-gnu": "4.52.5", "@rollup/rollup-linux-riscv64-musl": "4.52.5", "@rollup/rollup-linux-s390x-gnu": "4.52.5", "@rollup/rollup-linux-x64-gnu": "4.52.5", "@rollup/rollup-linux-x64-musl": "4.52.5", "@rollup/rollup-openharmony-arm64": "4.52.5", "@rollup/rollup-win32-arm64-msvc": "4.52.5", "@rollup/rollup-win32-ia32-msvc": "4.52.5", "@rollup/rollup-win32-x64-gnu": "4.52.5", "@rollup/rollup-win32-x64-msvc": "4.52.5", "fsevents": "~2.3.2" }, "bin": { "rollup": "dist/bin/rollup" } }, "sha512-3GuObel8h7Kqdjt0gxkEzaifHTqLVW56Y/bjN7PSQtkKr0w3V/QYSdt6QWYtd7A1xUtYQigtdUfgj1RvWVtorw=="],

    "safer-buffer": ["safer-buffer@2.1.2", "", {}, "sha512-YZo3K82SD7Riyi0E1EQPojLz7kpepnSQI9IyPbHHg1XXXevb5dJI7tpyN2ADxGcQbHG7vcyRHk0cbwqcQriUtg=="],

    "semver": ["semver@7.7.3", "", { "bin": { "semver": "bin/semver.js" } }, "sha512-SdsKMrI9TdgjdweUSR9MweHA4EJ8YxHn8DFaDisvhVlUOe4BF1tLD7GAj0lIqWVl+dPb/rExr0Btby5loQm20Q=="],

    "signal-exit": ["signal-exit@4.1.0", "", {}, "sha512-bzyZ1e88w9O1iNJbKnOlvYTrWPDl46O1bG0D3XInv+9tkPrxrN8jUUTiFlDkkmKWgn1M6CfIA13SuGqOa9Korw=="],

    "string-width": ["string-width@7.2.0", "", { "dependencies": { "emoji-regex": "^10.3.0", "get-east-asian-width": "^1.0.0", "strip-ansi": "^7.1.0" } }, "sha512-tsaTIkKW9b4N+AEj+SVA+WhJzV7/zMhcSu78mLKWSk7cXMOSHsBKFWUs0fWwq8QyK3MgJBQRX6Gbi4kYbdvGkQ=="],

    "strip-ansi": ["strip-ansi@7.1.2", "", { "dependencies": { "ansi-regex": "^6.0.1" } }, "sha512-gmBGslpoQJtgnMAvOVqGZpEz9dyoKTCzy2nfz/n8aIFhN/jCE/rCmcxabB6jOOHV+0WNnylOxaxBQPSvcWklhA=="],

    "tests": ["tests@workspace:tests"],

    "tslib": ["tslib@2.8.1", "", {}, "sha512-oJFu94HQb+KVduSUQL7wnpmqnfmLsOA/nAh6b6EH0wCEoK0/mPeXU6c3wKDV83MkOuHPRHtSXKKU99IBazS/2w=="],

    "typanion": ["typanion@3.14.0", "", {}, "sha512-ZW/lVMRabETuYCd9O9ZvMhAh8GslSqaUjxmK/JLPCh6l73CvLBiuXswj/+7LdnWOgYsQ130FqLzFz5aGT4I3Ug=="],

    "typescript": ["typescript@5.9.3", "", { "bin": { "tsc": "bin/tsc", "tsserver": "bin/tsserver" } }, "sha512-jl1vZzPDinLr9eUt3J/t7V6FgNEw9QjvBPdysz9KfQDD41fQrC2Y4vKQdiaUpFT4bXlb1RHhLpp8wtm6M5TgSw=="],

    "undici-types": ["undici-types@7.16.0", "", {}, "sha512-Zz+aZWSj8LE6zoxD+xrjh4VfkIG8Ya6LvYkZqtUQGJPZjYl53ypCaUwWqo7eI0x66KBGeRo+mlBEkMSeSZ38Nw=="],

    "universal-user-agent": ["universal-user-agent@7.0.3", "", {}, "sha512-TmnEAEAsBJVZM/AADELsK76llnwcf9vMKuPz8JflO1frO8Lchitr0fNaN9d+Ap0BjKtqWqd/J17qeDnXh8CL2A=="],

    "wrap-ansi": ["wrap-ansi@9.0.2", "", { "dependencies": { "ansi-styles": "^6.2.1", "string-width": "^7.0.0", "strip-ansi": "^7.1.0" } }, "sha512-42AtmgqjV+X1VpdOfyTGOYRi0/zsoLqtXQckTmqTeybT+BDIbM/Guxo7x3pE2vtpr1ok6xRqM9OpBe+Jyoqyww=="],

    "@napi-rs/lzma-wasm32-wasi/@napi-rs/wasm-runtime": ["@napi-rs/wasm-runtime@1.0.6", "", { "dependencies": { "@emnapi/core": "^1.5.0", "@emnapi/runtime": "^1.5.0", "@tybys/wasm-util": "^0.10.1" } }, "sha512-DXj75ewm11LIWUk198QSKUTxjyRjsBwk09MuMk5DGK+GDUtyPhhEHOGP/Xwwj3DjQXXkivoBirmOnKrLfc0+9g=="],

    "@napi-rs/tar-wasm32-wasi/@napi-rs/wasm-runtime": ["@napi-rs/wasm-runtime@1.0.6", "", { "dependencies": { "@emnapi/core": "^1.5.0", "@emnapi/runtime": "^1.5.0", "@tybys/wasm-util": "^0.10.1" } }, "sha512-DXj75ewm11LIWUk198QSKUTxjyRjsBwk09MuMk5DGK+GDUtyPhhEHOGP/Xwwj3DjQXXkivoBirmOnKrLfc0+9g=="],

    "@napi-rs/wasm-tools-wasm32-wasi/@napi-rs/wasm-runtime": ["@napi-rs/wasm-runtime@1.0.6", "", { "dependencies": { "@emnapi/core": "^1.5.0", "@emnapi/runtime": "^1.5.0", "@tybys/wasm-util": "^0.10.1" } }, "sha512-DXj75ewm11LIWUk198QSKUTxjyRjsBwk09MuMk5DGK+GDUtyPhhEHOGP/Xwwj3DjQXXkivoBirmOnKrLfc0+9g=="],
  }
}
