lockfileVersion: '9.0'

settings:
  autoInstallPeers: true
  excludeLinksFromLockfile: false

importers:

  .:
    devDependencies:
      '@types/node':
        specifier: ^22.15.21
        version: 22.15.21
      typescript:
        specifier: ^5.8.3
        version: 5.8.3

  packages/@ivi/identity:
    devDependencies:
      ivi:
        specifier: workspace:*
        version: link:../../ivi

  packages/@ivi/mock-dom: {}

  packages/@ivi/portal:
    devDependencies:
      ivi:
        specifier: workspace:*
        version: link:../../ivi

  packages/@ivi/rollup-plugin:
    dependencies:
      '@ivi/ts-transformer':
        specifier: workspace:^
        version: link:../ts-transformer
      '@rollup/pluginutils':
        specifier: ^5.1.4
        version: 5.1.4(rollup@4.41.0)
    devDependencies:
      rollup:
        specifier: ^4.41.0
        version: 4.41.0

  packages/@ivi/ts-transformer:
    dependencies:
      ivi:
        specifier: workspace:^
        version: link:../../ivi
      typescript:
        specifier: ^5.8.3
        version: 5.8.3

  packages/@ivi/vite-plugin:
    dependencies:
      '@ivi/rollup-plugin':
        specifier: workspace:*
        version: link:../rollup-plugin

  packages/ivi: {}

  tests:
    devDependencies:
      '@ivi/mock-dom':
        specifier: workspace:*
        version: link:../packages/@ivi/mock-dom
      ivi:
        specifier: workspace:*
        version: link:../packages/ivi

packages:

  '@rollup/pluginutils@5.1.4':
    resolution: {integrity: sha512-USm05zrsFxYLPdWWq+K3STlWiT/3ELn3RcV5hJMghpeAIhxfsUIg6mt12CBJBInWMV4VneoV7SfGv8xIwo2qNQ==}
    engines: {node: '>=14.0.0'}
    peerDependencies:
      rollup: ^1.20.0||^2.0.0||^3.0.0||^4.0.0
    peerDependenciesMeta:
      rollup:
        optional: true

  '@rollup/rollup-android-arm-eabi@4.41.0':
    resolution: {integrity: sha512-KxN+zCjOYHGwCl4UCtSfZ6jrq/qi88JDUtiEFk8LELEHq2Egfc/FgW+jItZiOLRuQfb/3xJSgFuNPC9jzggX+A==}
    cpu: [arm]
    os: [android]

  '@rollup/rollup-android-arm64@4.41.0':
    resolution: {integrity: sha512-yDvqx3lWlcugozax3DItKJI5j05B0d4Kvnjx+5mwiUpWramVvmAByYigMplaoAQ3pvdprGCTCE03eduqE/8mPQ==}
    cpu: [arm64]
    os: [android]

  '@rollup/rollup-darwin-arm64@4.41.0':
    resolution: {integrity: sha512-2KOU574vD3gzcPSjxO0eyR5iWlnxxtmW1F5CkNOHmMlueKNCQkxR6+ekgWyVnz6zaZihpUNkGxjsYrkTJKhkaw==}
    cpu: [arm64]
    os: [darwin]

  '@rollup/rollup-darwin-x64@4.41.0':
    resolution: {integrity: sha512-gE5ACNSxHcEZyP2BA9TuTakfZvULEW4YAOtxl/A/YDbIir/wPKukde0BNPlnBiP88ecaN4BJI2TtAd+HKuZPQQ==}
    cpu: [x64]
    os: [darwin]

  '@rollup/rollup-freebsd-arm64@4.41.0':
    resolution: {integrity: sha512-GSxU6r5HnWij7FoSo7cZg3l5GPg4HFLkzsFFh0N/b16q5buW1NAWuCJ+HMtIdUEi6XF0qH+hN0TEd78laRp7Dg==}
    cpu: [arm64]
    os: [freebsd]

  '@rollup/rollup-freebsd-x64@4.41.0':
    resolution: {integrity: sha512-KGiGKGDg8qLRyOWmk6IeiHJzsN/OYxO6nSbT0Vj4MwjS2XQy/5emsmtoqLAabqrohbgLWJ5GV3s/ljdrIr8Qjg==}
    cpu: [x64]
    os: [freebsd]

  '@rollup/rollup-linux-arm-gnueabihf@4.41.0':
    resolution: {integrity: sha512-46OzWeqEVQyX3N2/QdiU/CMXYDH/lSHpgfBkuhl3igpZiaB3ZIfSjKuOnybFVBQzjsLwkus2mjaESy8H41SzvA==}
    cpu: [arm]
    os: [linux]

  '@rollup/rollup-linux-arm-musleabihf@4.41.0':
    resolution: {integrity: sha512-lfgW3KtQP4YauqdPpcUZHPcqQXmTmH4nYU0cplNeW583CMkAGjtImw4PKli09NFi2iQgChk4e9erkwlfYem6Lg==}
    cpu: [arm]
    os: [linux]

  '@rollup/rollup-linux-arm64-gnu@4.41.0':
    resolution: {integrity: sha512-nn8mEyzMbdEJzT7cwxgObuwviMx6kPRxzYiOl6o/o+ChQq23gfdlZcUNnt89lPhhz3BYsZ72rp0rxNqBSfqlqw==}
    cpu: [arm64]
    os: [linux]

  '@rollup/rollup-linux-arm64-musl@4.41.0':
    resolution: {integrity: sha512-l+QK99je2zUKGd31Gh+45c4pGDAqZSuWQiuRFCdHYC2CSiO47qUWsCcenrI6p22hvHZrDje9QjwSMAFL3iwXwQ==}
    cpu: [arm64]
    os: [linux]

  '@rollup/rollup-linux-loongarch64-gnu@4.41.0':
    resolution: {integrity: sha512-WbnJaxPv1gPIm6S8O/Wg+wfE/OzGSXlBMbOe4ie+zMyykMOeqmgD1BhPxZQuDqwUN+0T/xOFtL2RUWBspnZj3w==}
    cpu: [loong64]
    os: [linux]

  '@rollup/rollup-linux-powerpc64le-gnu@4.41.0':
    resolution: {integrity: sha512-eRDWR5t67/b2g8Q/S8XPi0YdbKcCs4WQ8vklNnUYLaSWF+Cbv2axZsp4jni6/j7eKvMLYCYdcsv8dcU+a6QNFg==}
    cpu: [ppc64]
    os: [linux]

  '@rollup/rollup-linux-riscv64-gnu@4.41.0':
    resolution: {integrity: sha512-TWrZb6GF5jsEKG7T1IHwlLMDRy2f3DPqYldmIhnA2DVqvvhY2Ai184vZGgahRrg8k9UBWoSlHv+suRfTN7Ua4A==}
    cpu: [riscv64]
    os: [linux]

  '@rollup/rollup-linux-riscv64-musl@4.41.0':
    resolution: {integrity: sha512-ieQljaZKuJpmWvd8gW87ZmSFwid6AxMDk5bhONJ57U8zT77zpZ/TPKkU9HpnnFrM4zsgr4kiGuzbIbZTGi7u9A==}
    cpu: [riscv64]
    os: [linux]

  '@rollup/rollup-linux-s390x-gnu@4.41.0':
    resolution: {integrity: sha512-/L3pW48SxrWAlVsKCN0dGLB2bi8Nv8pr5S5ocSM+S0XCn5RCVCXqi8GVtHFsOBBCSeR+u9brV2zno5+mg3S4Aw==}
    cpu: [s390x]
    os: [linux]

  '@rollup/rollup-linux-x64-gnu@4.41.0':
    resolution: {integrity: sha512-XMLeKjyH8NsEDCRptf6LO8lJk23o9wvB+dJwcXMaH6ZQbbkHu2dbGIUindbMtRN6ux1xKi16iXWu6q9mu7gDhQ==}
    cpu: [x64]
    os: [linux]

  '@rollup/rollup-linux-x64-musl@4.41.0':
    resolution: {integrity: sha512-m/P7LycHZTvSQeXhFmgmdqEiTqSV80zn6xHaQ1JSqwCtD1YGtwEK515Qmy9DcB2HK4dOUVypQxvhVSy06cJPEg==}
    cpu: [x64]
    os: [linux]

  '@rollup/rollup-win32-arm64-msvc@4.41.0':
    resolution: {integrity: sha512-4yodtcOrFHpbomJGVEqZ8fzD4kfBeCbpsUy5Pqk4RluXOdsWdjLnjhiKy2w3qzcASWd04fp52Xz7JKarVJ5BTg==}
    cpu: [arm64]
    os: [win32]

  '@rollup/rollup-win32-ia32-msvc@4.41.0':
    resolution: {integrity: sha512-tmazCrAsKzdkXssEc65zIE1oC6xPHwfy9d5Ta25SRCDOZS+I6RypVVShWALNuU9bxIfGA0aqrmzlzoM5wO5SPQ==}
    cpu: [ia32]
    os: [win32]

  '@rollup/rollup-win32-x64-msvc@4.41.0':
    resolution: {integrity: sha512-h1J+Yzjo/X+0EAvR2kIXJDuTuyT7drc+t2ALY0nIcGPbTatNOf0VWdhEA2Z4AAjv6X1NJV7SYo5oCTYRJhSlVA==}
    cpu: [x64]
    os: [win32]

  '@types/estree@1.0.6':
    resolution: {integrity: sha512-AYnb1nQyY49te+VRAVgmzfcgjYS91mY5P0TKUDCLEM+gNnA+3T6rWITXRLYCpahpqSQbN5cE+gHpnPyXjHWxcw==}

  '@types/estree@1.0.7':
    resolution: {integrity: sha512-w28IoSUCJpidD/TGviZwwMJckNESJZXFu7NBZ5YJ4mEUnNraUn9Pm8HSZm/jDF1pDWYKspWE7oVphigUPRakIQ==}

  '@types/node@22.15.21':
    resolution: {integrity: sha512-EV/37Td6c+MgKAbkcLG6vqZ2zEYHD7bvSrzqqs2RIhbA6w3x+Dqz8MZM3sP6kGTeLrdoOgKZe+Xja7tUB2DNkQ==}

  estree-walker@2.0.2:
    resolution: {integrity: sha512-Rfkk/Mp/DL7JVje3u18FxFujQlTNR2q6QfMSMB7AvCBx91NGj/ba3kCfza0f6dVDbw7YlRf/nDrn7pQrCCyQ/w==}

  fsevents@2.3.3:
    resolution: {integrity: sha512-5xoDfX+fL7faATnagmWPpbFtwh/R77WmMMqqHGS65C3vvB0YHrgF+B1YmZ3441tMj5n63k0212XNoJwzlhffQw==}
    engines: {node: ^8.16.0 || ^10.6.0 || >=11.0.0}
    os: [darwin]

  picomatch@4.0.2:
    resolution: {integrity: sha512-M7BAV6Rlcy5u+m6oPhAPFgJTzAioX/6B0DxyvDlo9l8+T3nLKbrczg2WLUyzd45L8RqfUMyGPzekbMvX2Ldkwg==}
    engines: {node: '>=12'}

  rollup@4.41.0:
    resolution: {integrity: sha512-HqMFpUbWlf/tvcxBFNKnJyzc7Lk+XO3FGc3pbNBLqEbOz0gPLRgcrlS3UF4MfUrVlstOaP/q0kM6GVvi+LrLRg==}
    engines: {node: '>=18.0.0', npm: '>=8.0.0'}
    hasBin: true

  typescript@5.8.3:
    resolution: {integrity: sha512-p1diW6TqL9L07nNxvRMM7hMMw4c5XOo/1ibL4aAIGmSAt9slTE1Xgw5KWuof2uTOvCg9BY7ZRi+GaF+7sfgPeQ==}
    engines: {node: '>=14.17'}
    hasBin: true

  undici-types@6.21.0:
    resolution: {integrity: sha512-iwDZqg0QAGrg9Rav5H4n0M64c3mkR59cJ6wQp+7C4nI0gsmExaedaYLNO44eT4AtBBwjbTiGPMlt2Md0T9H9JQ==}

snapshots:

  '@rollup/pluginutils@5.1.4(rollup@4.41.0)':
    dependencies:
      '@types/estree': 1.0.6
      estree-walker: 2.0.2
      picomatch: 4.0.2
    optionalDependencies:
      rollup: 4.41.0

  '@rollup/rollup-android-arm-eabi@4.41.0':
    optional: true

  '@rollup/rollup-android-arm64@4.41.0':
    optional: true

  '@rollup/rollup-darwin-arm64@4.41.0':
    optional: true

  '@rollup/rollup-darwin-x64@4.41.0':
    optional: true

  '@rollup/rollup-freebsd-arm64@4.41.0':
    optional: true

  '@rollup/rollup-freebsd-x64@4.41.0':
    optional: true

  '@rollup/rollup-linux-arm-gnueabihf@4.41.0':
    optional: true

  '@rollup/rollup-linux-arm-musleabihf@4.41.0':
    optional: true

  '@rollup/rollup-linux-arm64-gnu@4.41.0':
    optional: true

  '@rollup/rollup-linux-arm64-musl@4.41.0':
    optional: true

  '@rollup/rollup-linux-loongarch64-gnu@4.41.0':
    optional: true

  '@rollup/rollup-linux-powerpc64le-gnu@4.41.0':
    optional: true

  '@rollup/rollup-linux-riscv64-gnu@4.41.0':
    optional: true

  '@rollup/rollup-linux-riscv64-musl@4.41.0':
    optional: true

  '@rollup/rollup-linux-s390x-gnu@4.41.0':
    optional: true

  '@rollup/rollup-linux-x64-gnu@4.41.0':
    optional: true

  '@rollup/rollup-linux-x64-musl@4.41.0':
    optional: true

  '@rollup/rollup-win32-arm64-msvc@4.41.0':
    optional: true

  '@rollup/rollup-win32-ia32-msvc@4.41.0':
    optional: true

  '@rollup/rollup-win32-x64-msvc@4.41.0':
    optional: true

  '@types/estree@1.0.6': {}

  '@types/estree@1.0.7': {}

  '@types/node@22.15.21':
    dependencies:
      undici-types: 6.21.0

  estree-walker@2.0.2: {}

  fsevents@2.3.3:
    optional: true

  picomatch@4.0.2: {}

  rollup@4.41.0:
    dependencies:
      '@types/estree': 1.0.7
    optionalDependencies:
      '@rollup/rollup-android-arm-eabi': 4.41.0
      '@rollup/rollup-android-arm64': 4.41.0
      '@rollup/rollup-darwin-arm64': 4.41.0
      '@rollup/rollup-darwin-x64': 4.41.0
      '@rollup/rollup-freebsd-arm64': 4.41.0
      '@rollup/rollup-freebsd-x64': 4.41.0
      '@rollup/rollup-linux-arm-gnueabihf': 4.41.0
      '@rollup/rollup-linux-arm-musleabihf': 4.41.0
      '@rollup/rollup-linux-arm64-gnu': 4.41.0
      '@rollup/rollup-linux-arm64-musl': 4.41.0
      '@rollup/rollup-linux-loongarch64-gnu': 4.41.0
      '@rollup/rollup-linux-powerpc64le-gnu': 4.41.0
      '@rollup/rollup-linux-riscv64-gnu': 4.41.0
      '@rollup/rollup-linux-riscv64-musl': 4.41.0
      '@rollup/rollup-linux-s390x-gnu': 4.41.0
      '@rollup/rollup-linux-x64-gnu': 4.41.0
      '@rollup/rollup-linux-x64-musl': 4.41.0
      '@rollup/rollup-win32-arm64-msvc': 4.41.0
      '@rollup/rollup-win32-ia32-msvc': 4.41.0
      '@rollup/rollup-win32-x64-msvc': 4.41.0
      fsevents: 2.3.3

  typescript@5.8.3: {}

  undici-types@6.21.0: {}
